
Microsoft Visual Studio Solution File, Format Version 12.00
# Visual Studio Version 16
VisualStudioVersion = 16.0.29911.84
MinimumVisualStudioVersion = 10.0.40219.1
Project("{FAE04EC0-301F-11D3-BF4B-00C04F79EFBC}") = "NOVID-20.UWP", "NOVID-20.UWP\NOVID-20.UWP.csproj", "{F3ED9AFB-6253-4C61-A47E-42AB5869F9A7}"
EndProject
Project("{FAE04EC0-301F-11D3-BF4B-00C04F79EFBC}") = "NOVID-20.Android", "NOVID-20.Android\NOVID-20.Android.csproj", "{9251EBB4-8590-45CB-BD23-4413FB958311}"
EndProject
Project("{FAE04EC0-301F-11D3-BF4B-00C04F79EFBC}") = "NOVID-20.iOS", "NOVID-20.iOS\NOVID-20.iOS.csproj", "{73C69185-04BD-4F35-8D63-0694F3371F12}"
EndProject
Project("{9A19103F-16F7-4668-BE54-9A1E7A4F7556}") = "NOVID-20", "NOVID-20\NOVID-20.csproj", "{CDB35CC1-16DD-444C-964A-7BF911698658}"
EndProject
Project("{2150E333-8FDC-42A3-9474-1A3956D46DE8}") = "Solution Items", "Solution Items", "{2855CAB1-BA6F-4A20-AEAB-0D97BC6116FE}"
	ProjectSection(SolutionItems) = preProject
		..\.classpath = ..\.classpath
		..\.project = ..\.project
		..\AndroidPort = ..\AndroidPort
		..\novid-20.java = ..\novid-20.java
		..\novid-20_python.py = ..\novid-20_python.py
		..\README.md = ..\README.md
	EndProjectSection
EndProject
Project("{F184B08F-C81C-45F6-A57F-5ABD9991F28F}") = "NOVID-20.Web", "NOVID-20.Web\NOVID-20.Web.vbproj", "{CD8E53D2-B177-494B-AE08-1CEEF98E43D7}"
EndProject
Project("{00D1A9C2-B5F0-4AF3-8072-F6C62B433612}") = "NOVID-20.Database", "NOVID-20.Database\NOVID-20.Database.sqlproj", "{330A91A7-B82C-44F9-B9C8-2160C6ADB6C9}"
EndProject
Global
	GlobalSection(SolutionConfigurationPlatforms) = preSolution
		Debug|Any CPU = Debug|Any CPU
		Debug|ARM = Debug|ARM
		Debug|iPhone = Debug|iPhone
		Debug|iPhoneSimulator = Debug|iPhoneSimulator
		Debug|x64 = Debug|x64
		Debug|x86 = Debug|x86
		Release|Any CPU = Release|Any CPU
		Release|ARM = Release|ARM
		Release|iPhone = Release|iPhone
		Release|iPhoneSimulator = Release|iPhoneSimulator
		Release|x64 = Release|x64
		Release|x86 = Release|x86
	EndGlobalSection
	GlobalSection(ProjectConfigurationPlatforms) = postSolution
		{F3ED9AFB-6253-4C61-A47E-42AB5869F9A7}.Debug|Any CPU.ActiveCfg = Debug|x86
		{F3ED9AFB-6253-4C61-A47E-42AB5869F9A7}.Debug|Any CPU.Build.0 = Debug|x86
		{F3ED9AFB-6253-4C61-A47E-42AB5869F9A7}.Debug|Any CPU.Deploy.0 = Debug|x86
		{F3ED9AFB-6253-4C61-A47E-42AB5869F9A7}.Debug|ARM.ActiveCfg = Debug|ARM
		{F3ED9AFB-6253-4C61-A47E-42AB5869F9A7}.Debug|ARM.Build.0 = Debug|ARM
		{F3ED9AFB-6253-4C61-A47E-42AB5869F9A7}.Debug|ARM.Deploy.0 = Debug|ARM
		{F3ED9AFB-6253-4C61-A47E-42AB5869F9A7}.Debug|iPhone.ActiveCfg = Debug|x86
		{F3ED9AFB-6253-4C61-A47E-42AB5869F9A7}.Debug|iPhone.Build.0 = Debug|x86
		{F3ED9AFB-6253-4C61-A47E-42AB5869F9A7}.Debug|iPhone.Deploy.0 = Debug|x86
		{F3ED9AFB-6253-4C61-A47E-42AB5869F9A7}.Debug|iPhoneSimulator.ActiveCfg = Debug|x86
		{F3ED9AFB-6253-4C61-A47E-42AB5869F9A7}.Debug|iPhoneSimulator.Build.0 = Debug|x86
		{F3ED9AFB-6253-4C61-A47E-42AB5869F9A7}.Debug|iPhoneSimulator.Deploy.0 = Debug|x86
		{F3ED9AFB-6253-4C61-A47E-42AB5869F9A7}.Debug|x64.ActiveCfg = Debug|x64
		{F3ED9AFB-6253-4C61-A47E-42AB5869F9A7}.Debug|x64.Build.0 = Debug|x64
		{F3ED9AFB-6253-4C61-A47E-42AB5869F9A7}.Debug|x64.Deploy.0 = Debug|x64
		{F3ED9AFB-6253-4C61-A47E-42AB5869F9A7}.Debug|x86.ActiveCfg = Debug|x86
		{F3ED9AFB-6253-4C61-A47E-42AB5869F9A7}.Debug|x86.Build.0 = Debug|x86
		{F3ED9AFB-6253-4C61-A47E-42AB5869F9A7}.Debug|x86.Deploy.0 = Debug|x86
		{F3ED9AFB-6253-4C61-A47E-42AB5869F9A7}.Release|Any CPU.ActiveCfg = Release|x86
		{F3ED9AFB-6253-4C61-A47E-42AB5869F9A7}.Release|Any CPU.Build.0 = Release|x86
		{F3ED9AFB-6253-4C61-A47E-42AB5869F9A7}.Release|Any CPU.Deploy.0 = Release|x86
		{F3ED9AFB-6253-4C61-A47E-42AB5869F9A7}.Release|ARM.ActiveCfg = Release|ARM
		{F3ED9AFB-6253-4C61-A47E-42AB5869F9A7}.Release|ARM.Build.0 = Release|ARM
		{F3ED9AFB-6253-4C61-A47E-42AB5869F9A7}.Release|ARM.Deploy.0 = Release|ARM
		{F3ED9AFB-6253-4C61-A47E-42AB5869F9A7}.Release|iPhone.ActiveCfg = Release|x86
		{F3ED9AFB-6253-4C61-A47E-42AB5869F9A7}.Release|iPhone.Build.0 = Release|x86
		{F3ED9AFB-6253-4C61-A47E-42AB5869F9A7}.Release|iPhone.Deploy.0 = Release|x86
		{F3ED9AFB-6253-4C61-A47E-42AB5869F9A7}.Release|iPhoneSimulator.ActiveCfg = Release|x86
		{F3ED9AFB-6253-4C61-A47E-42AB5869F9A7}.Release|iPhoneSimulator.Build.0 = Release|x86
		{F3ED9AFB-6253-4C61-A47E-42AB5869F9A7}.Release|iPhoneSimulator.Deploy.0 = Release|x86
		{F3ED9AFB-6253-4C61-A47E-42AB5869F9A7}.Release|x64.ActiveCfg = Release|x64
		{F3ED9AFB-6253-4C61-A47E-42AB5869F9A7}.Release|x64.Build.0 = Release|x64
		{F3ED9AFB-6253-4C61-A47E-42AB5869F9A7}.Release|x64.Deploy.0 = Release|x64
		{F3ED9AFB-6253-4C61-A47E-42AB5869F9A7}.Release|x86.ActiveCfg = Release|x86
		{F3ED9AFB-6253-4C61-A47E-42AB5869F9A7}.Release|x86.Build.0 = Release|x86
		{F3ED9AFB-6253-4C61-A47E-42AB5869F9A7}.Release|x86.Deploy.0 = Release|x86
		{9251EBB4-8590-45CB-BD23-4413FB958311}.Debug|Any CPU.ActiveCfg = Debug|Any CPU
		{9251EBB4-8590-45CB-BD23-4413FB958311}.Debug|Any CPU.Build.0 = Debug|Any CPU
		{9251EBB4-8590-45CB-BD23-4413FB958311}.Debug|Any CPU.Deploy.0 = Debug|Any CPU
		{9251EBB4-8590-45CB-BD23-4413FB958311}.Debug|ARM.ActiveCfg = Debug|Any CPU
		{9251EBB4-8590-45CB-BD23-4413FB958311}.Debug|ARM.Build.0 = Debug|Any CPU
		{9251EBB4-8590-45CB-BD23-4413FB958311}.Debug|ARM.Deploy.0 = Debug|Any CPU
		{9251EBB4-8590-45CB-BD23-4413FB958311}.Debug|iPhone.ActiveCfg = Debug|Any CPU
		{9251EBB4-8590-45CB-BD23-4413FB958311}.Debug|iPhone.Build.0 = Debug|Any CPU
		{9251EBB4-8590-45CB-BD23-4413FB958311}.Debug|iPhone.Deploy.0 = Debug|Any CPU
		{9251EBB4-8590-45CB-BD23-4413FB958311}.Debug|iPhoneSimulator.ActiveCfg = Debug|Any CPU
		{9251EBB4-8590-45CB-BD23-4413FB958311}.Debug|iPhoneSimulator.Build.0 = Debug|Any CPU
		{9251EBB4-8590-45CB-BD23-4413FB958311}.Debug|iPhoneSimulator.Deploy.0 = Debug|Any CPU
		{9251EBB4-8590-45CB-BD23-4413FB958311}.Debug|x64.ActiveCfg = Debug|Any CPU
		{9251EBB4-8590-45CB-BD23-4413FB958311}.Debug|x64.Build.0 = Debug|Any CPU
		{9251EBB4-8590-45CB-BD23-4413FB958311}.Debug|x64.Deploy.0 = Debug|Any CPU
		{9251EBB4-8590-45CB-BD23-4413FB958311}.Debug|x86.ActiveCfg = Debug|Any CPU
		{9251EBB4-8590-45CB-BD23-4413FB958311}.Debug|x86.Build.0 = Debug|Any CPU
		{9251EBB4-8590-45CB-BD23-4413FB958311}.Debug|x86.Deploy.0 = Debug|Any CPU
		{9251EBB4-8590-45CB-BD23-4413FB958311}.Release|Any CPU.ActiveCfg = Release|Any CPU
		{9251EBB4-8590-45CB-BD23-4413FB958311}.Release|Any CPU.Build.0 = Release|Any CPU
		{9251EBB4-8590-45CB-BD23-4413FB958311}.Release|Any CPU.Deploy.0 = Release|Any CPU
		{9251EBB4-8590-45CB-BD23-4413FB958311}.Release|ARM.ActiveCfg = Release|Any CPU
		{9251EBB4-8590-45CB-BD23-4413FB958311}.Release|ARM.Build.0 = Release|Any CPU
		{9251EBB4-8590-45CB-BD23-4413FB958311}.Release|ARM.Deploy.0 = Release|Any CPU
		{9251EBB4-8590-45CB-BD23-4413FB958311}.Release|iPhone.ActiveCfg = Release|Any CPU
		{9251EBB4-8590-45CB-BD23-4413FB958311}.Release|iPhone.Build.0 = Release|Any CPU
		{9251EBB4-8590-45CB-BD23-4413FB958311}.Release|iPhone.Deploy.0 = Release|Any CPU
		{9251EBB4-8590-45CB-BD23-4413FB958311}.Release|iPhoneSimulator.ActiveCfg = Release|Any CPU
		{9251EBB4-8590-45CB-BD23-4413FB958311}.Release|iPhoneSimulator.Build.0 = Release|Any CPU
		{9251EBB4-8590-45CB-BD23-4413FB958311}.Release|iPhoneSimulator.Deploy.0 = Release|Any CPU
		{9251EBB4-8590-45CB-BD23-4413FB958311}.Release|x64.ActiveCfg = Release|Any CPU
		{9251EBB4-8590-45CB-BD23-4413FB958311}.Release|x64.Build.0 = Release|Any CPU
		{9251EBB4-8590-45CB-BD23-4413FB958311}.Release|x64.Deploy.0 = Release|Any CPU
		{9251EBB4-8590-45CB-BD23-4413FB958311}.Release|x86.ActiveCfg = Release|Any CPU
		{9251EBB4-8590-45CB-BD23-4413FB958311}.Release|x86.Build.0 = Release|Any CPU
		{9251EBB4-8590-45CB-BD23-4413FB958311}.Release|x86.Deploy.0 = Release|Any CPU
		{73C69185-04BD-4F35-8D63-0694F3371F12}.Debug|Any CPU.ActiveCfg = Debug|iPhone
		{73C69185-04BD-4F35-8D63-0694F3371F12}.Debug|Any CPU.Build.0 = Debug|iPhone
		{73C69185-04BD-4F35-8D63-0694F3371F12}.Debug|Any CPU.Deploy.0 = Debug|iPhone
		{73C69185-04BD-4F35-8D63-0694F3371F12}.Debug|ARM.ActiveCfg = Debug|iPhone
		{73C69185-04BD-4F35-8D63-0694F3371F12}.Debug|ARM.Build.0 = Debug|iPhone
		{73C69185-04BD-4F35-8D63-0694F3371F12}.Debug|ARM.Deploy.0 = Debug|iPhone
		{73C69185-04BD-4F35-8D63-0694F3371F12}.Debug|iPhone.ActiveCfg = Debug|iPhone
		{73C69185-04BD-4F35-8D63-0694F3371F12}.Debug|iPhone.Build.0 = Debug|iPhone
		{73C69185-04BD-4F35-8D63-0694F3371F12}.Debug|iPhone.Deploy.0 = Debug|iPhone
		{73C69185-04BD-4F35-8D63-0694F3371F12}.Debug|iPhoneSimulator.ActiveCfg = Debug|iPhoneSimulator
		{73C69185-04BD-4F35-8D63-0694F3371F12}.Debug|iPhoneSimulator.Build.0 = Debug|iPhoneSimulator
		{73C69185-04BD-4F35-8D63-0694F3371F12}.Debug|iPhoneSimulator.Deploy.0 = Debug|iPhoneSimulator
		{73C69185-04BD-4F35-8D63-0694F3371F12}.Debug|x64.ActiveCfg = Debug|iPhone
		{73C69185-04BD-4F35-8D63-0694F3371F12}.Debug|x64.Build.0 = Debug|iPhone
		{73C69185-04BD-4F35-8D63-0694F3371F12}.Debug|x64.Deploy.0 = Debug|iPhone
		{73C69185-04BD-4F35-8D63-0694F3371F12}.Debug|x86.ActiveCfg = Debug|iPhone
		{73C69185-04BD-4F35-8D63-0694F3371F12}.Debug|x86.Build.0 = Debug|iPhone
		{73C69185-04BD-4F35-8D63-0694F3371F12}.Debug|x86.Deploy.0 = Debug|iPhone
		{73C69185-04BD-4F35-8D63-0694F3371F12}.Release|Any CPU.ActiveCfg = Release|iPhone
		{73C69185-04BD-4F35-8D63-0694F3371F12}.Release|Any CPU.Build.0 = Release|iPhone
		{73C69185-04BD-4F35-8D63-0694F3371F12}.Release|Any CPU.Deploy.0 = Release|iPhone
		{73C69185-04BD-4F35-8D63-0694F3371F12}.Release|ARM.ActiveCfg = Release|iPhone
		{73C69185-04BD-4F35-8D63-0694F3371F12}.Release|ARM.Build.0 = Release|iPhone
		{73C69185-04BD-4F35-8D63-0694F3371F12}.Release|ARM.Deploy.0 = Release|iPhone
		{73C69185-04BD-4F35-8D63-0694F3371F12}.Release|iPhone.ActiveCfg = Release|iPhone
		{73C69185-04BD-4F35-8D63-0694F3371F12}.Release|iPhone.Build.0 = Release|iPhone
		{73C69185-04BD-4F35-8D63-0694F3371F12}.Release|iPhone.Deploy.0 = Release|iPhone
		{73C69185-04BD-4F35-8D63-0694F3371F12}.Release|iPhoneSimulator.ActiveCfg = Release|iPhoneSimulator
		{73C69185-04BD-4F35-8D63-0694F3371F12}.Release|iPhoneSimulator.Build.0 = Release|iPhoneSimulator
		{73C69185-04BD-4F35-8D63-0694F3371F12}.Release|iPhoneSimulator.Deploy.0 = Release|iPhoneSimulator
		{73C69185-04BD-4F35-8D63-0694F3371F12}.Release|x64.ActiveCfg = Release|iPhone
		{73C69185-04BD-4F35-8D63-0694F3371F12}.Release|x64.Build.0 = Release|iPhone
		{73C69185-04BD-4F35-8D63-0694F3371F12}.Release|x64.Deploy.0 = Release|iPhone
		{73C69185-04BD-4F35-8D63-0694F3371F12}.Release|x86.ActiveCfg = Release|iPhone
		{73C69185-04BD-4F35-8D63-0694F3371F12}.Release|x86.Build.0 = Release|iPhone
		{73C69185-04BD-4F35-8D63-0694F3371F12}.Release|x86.Deploy.0 = Release|iPhone
		{CDB35CC1-16DD-444C-964A-7BF911698658}.Debug|Any CPU.ActiveCfg = Debug|Any CPU
		{CDB35CC1-16DD-444C-964A-7BF911698658}.Debug|Any CPU.Build.0 = Debug|Any CPU
		{CDB35CC1-16DD-444C-964A-7BF911698658}.Debug|Any CPU.Deploy.0 = Debug|Any CPU
		{CDB35CC1-16DD-444C-964A-7BF911698658}.Debug|ARM.ActiveCfg = Debug|Any CPU
		{CDB35CC1-16DD-444C-964A-7BF911698658}.Debug|ARM.Build.0 = Debug|Any CPU
		{CDB35CC1-16DD-444C-964A-7BF911698658}.Debug|ARM.Deploy.0 = Debug|Any CPU
		{CDB35CC1-16DD-444C-964A-7BF911698658}.Debug|iPhone.ActiveCfg = Debug|Any CPU
		{CDB35CC1-16DD-444C-964A-7BF911698658}.Debug|iPhone.Build.0 = Debug|Any CPU
		{CDB35CC1-16DD-444C-964A-7BF911698658}.Debug|iPhone.Deploy.0 = Debug|Any CPU
		{CDB35CC1-16DD-444C-964A-7BF911698658}.Debug|iPhoneSimulator.ActiveCfg = Debug|Any CPU
		{CDB35CC1-16DD-444C-964A-7BF911698658}.Debug|iPhoneSimulator.Build.0 = Debug|Any CPU
		{CDB35CC1-16DD-444C-964A-7BF911698658}.Debug|iPhoneSimulator.Deploy.0 = Debug|Any CPU
		{CDB35CC1-16DD-444C-964A-7BF911698658}.Debug|x64.ActiveCfg = Debug|Any CPU
		{CDB35CC1-16DD-444C-964A-7BF911698658}.Debug|x64.Build.0 = Debug|Any CPU
		{CDB35CC1-16DD-444C-964A-7BF911698658}.Debug|x64.Deploy.0 = Debug|Any CPU
		{CDB35CC1-16DD-444C-964A-7BF911698658}.Debug|x86.ActiveCfg = Debug|Any CPU
		{CDB35CC1-16DD-444C-964A-7BF911698658}.Debug|x86.Build.0 = Debug|Any CPU
		{CDB35CC1-16DD-444C-964A-7BF911698658}.Debug|x86.Deploy.0 = Debug|Any CPU
		{CDB35CC1-16DD-444C-964A-7BF911698658}.Release|Any CPU.ActiveCfg = Release|Any CPU
		{CDB35CC1-16DD-444C-964A-7BF911698658}.Release|Any CPU.Build.0 = Release|Any CPU
		{CDB35CC1-16DD-444C-964A-7BF911698658}.Release|Any CPU.Deploy.0 = Release|Any CPU
		{CDB35CC1-16DD-444C-964A-7BF911698658}.Release|ARM.ActiveCfg = Release|Any CPU
		{CDB35CC1-16DD-444C-964A-7BF911698658}.Release|ARM.Build.0 = Release|Any CPU
		{CDB35CC1-16DD-444C-964A-7BF911698658}.Release|ARM.Deploy.0 = Release|Any CPU
		{CDB35CC1-16DD-444C-964A-7BF911698658}.Release|iPhone.ActiveCfg = Release|Any CPU
		{CDB35CC1-16DD-444C-964A-7BF911698658}.Release|iPhone.Build.0 = Release|Any CPU
		{CDB35CC1-16DD-444C-964A-7BF911698658}.Release|iPhone.Deploy.0 = Release|Any CPU
		{CDB35CC1-16DD-444C-964A-7BF911698658}.Release|iPhoneSimulator.ActiveCfg = Release|Any CPU
		{CDB35CC1-16DD-444C-964A-7BF911698658}.Release|iPhoneSimulator.Build.0 = Release|Any CPU
		{CDB35CC1-16DD-444C-964A-7BF911698658}.Release|iPhoneSimulator.Deploy.0 = Release|Any CPU
		{CDB35CC1-16DD-444C-964A-7BF911698658}.Release|x64.ActiveCfg = Release|Any CPU
		{CDB35CC1-16DD-444C-964A-7BF911698658}.Release|x64.Build.0 = Release|Any CPU
		{CDB35CC1-16DD-444C-964A-7BF911698658}.Release|x64.Deploy.0 = Release|Any CPU
		{CDB35CC1-16DD-444C-964A-7BF911698658}.Release|x86.ActiveCfg = Release|Any CPU
		{CDB35CC1-16DD-444C-964A-7BF911698658}.Release|x86.Build.0 = Release|Any CPU
		{CDB35CC1-16DD-444C-964A-7BF911698658}.Release|x86.Deploy.0 = Release|Any CPU
		{CD8E53D2-B177-494B-AE08-1CEEF98E43D7}.Debug|Any CPU.ActiveCfg = Debug|Any CPU
		{CD8E53D2-B177-494B-AE08-1CEEF98E43D7}.Debug|Any CPU.Build.0 = Debug|Any CPU
		{CD8E53D2-B177-494B-AE08-1CEEF98E43D7}.Debug|ARM.ActiveCfg = Debug|Any CPU
		{CD8E53D2-B177-494B-AE08-1CEEF98E43D7}.Debug|ARM.Build.0 = Debug|Any CPU
		{CD8E53D2-B177-494B-AE08-1CEEF98E43D7}.Debug|iPhone.ActiveCfg = Debug|Any CPU
		{CD8E53D2-B177-494B-AE08-1CEEF98E43D7}.Debug|iPhone.Build.0 = Debug|Any CPU
		{CD8E53D2-B177-494B-AE08-1CEEF98E43D7}.Debug|iPhoneSimulator.ActiveCfg = Debug|Any CPU
		{CD8E53D2-B177-494B-AE08-1CEEF98E43D7}.Debug|iPhoneSimulator.Build.0 = Debug|Any CPU
		{CD8E53D2-B177-494B-AE08-1CEEF98E43D7}.Debug|x64.ActiveCfg = Debug|Any CPU
		{CD8E53D2-B177-494B-AE08-1CEEF98E43D7}.Debug|x64.Build.0 = Debug|Any CPU
		{CD8E53D2-B177-494B-AE08-1CEEF98E43D7}.Debug|x86.ActiveCfg = Debug|Any CPU
		{CD8E53D2-B177-494B-AE08-1CEEF98E43D7}.Debug|x86.Build.0 = Debug|Any CPU
		{CD8E53D2-B177-494B-AE08-1CEEF98E43D7}.Release|Any CPU.ActiveCfg = Release|Any CPU
		{CD8E53D2-B177-494B-AE08-1CEEF98E43D7}.Release|Any CPU.Build.0 = Release|Any CPU
		{CD8E53D2-B177-494B-AE08-1CEEF98E43D7}.Release|ARM.ActiveCfg = Release|Any CPU
		{CD8E53D2-B177-494B-AE08-1CEEF98E43D7}.Release|ARM.Build.0 = Release|Any CPU
		{CD8E53D2-B177-494B-AE08-1CEEF98E43D7}.Release|iPhone.ActiveCfg = Release|Any CPU
		{CD8E53D2-B177-494B-AE08-1CEEF98E43D7}.Release|iPhone.Build.0 = Release|Any CPU
		{CD8E53D2-B177-494B-AE08-1CEEF98E43D7}.Release|iPhoneSimulator.ActiveCfg = Release|Any CPU
		{CD8E53D2-B177-494B-AE08-1CEEF98E43D7}.Release|iPhoneSimulator.Build.0 = Release|Any CPU
		{CD8E53D2-B177-494B-AE08-1CEEF98E43D7}.Release|x64.ActiveCfg = Release|Any CPU
		{CD8E53D2-B177-494B-AE08-1CEEF98E43D7}.Release|x64.Build.0 = Release|Any CPU
		{CD8E53D2-B177-494B-AE08-1CEEF98E43D7}.Release|x86.ActiveCfg = Release|Any CPU
		{CD8E53D2-B177-494B-AE08-1CEEF98E43D7}.Release|x86.Build.0 = Release|Any CPU
		{330A91A7-B82C-44F9-B9C8-2160C6ADB6C9}.Debug|Any CPU.ActiveCfg = Debug|Any CPU
		{330A91A7-B82C-44F9-B9C8-2160C6ADB6C9}.Debug|Any CPU.Build.0 = Debug|Any CPU
		{330A91A7-B82C-44F9-B9C8-2160C6ADB6C9}.Debug|Any CPU.Deploy.0 = Debug|Any CPU
		{330A91A7-B82C-44F9-B9C8-2160C6ADB6C9}.Debug|ARM.ActiveCfg = Debug|Any CPU
		{330A91A7-B82C-44F9-B9C8-2160C6ADB6C9}.Debug|ARM.Build.0 = Debug|Any CPU
		{330A91A7-B82C-44F9-B9C8-2160C6ADB6C9}.Debug|ARM.Deploy.0 = Debug|Any CPU
		{330A91A7-B82C-44F9-B9C8-2160C6ADB6C9}.Debug|iPhone.ActiveCfg = Debug|Any CPU
		{330A91A7-B82C-44F9-B9C8-2160C6ADB6C9}.Debug|iPhone.Build.0 = Debug|Any CPU
		{330A91A7-B82C-44F9-B9C8-2160C6ADB6C9}.Debug|iPhone.Deploy.0 = Debug|Any CPU
		{330A91A7-B82C-44F9-B9C8-2160C6ADB6C9}.Debug|iPhoneSimulator.ActiveCfg = Debug|Any CPU
		{330A91A7-B82C-44F9-B9C8-2160C6ADB6C9}.Debug|iPhoneSimulator.Build.0 = Debug|Any CPU
		{330A91A7-B82C-44F9-B9C8-2160C6ADB6C9}.Debug|iPhoneSimulator.Deploy.0 = Debug|Any CPU
		{330A91A7-B82C-44F9-B9C8-2160C6ADB6C9}.Debug|x64.ActiveCfg = Debug|Any CPU
		{330A91A7-B82C-44F9-B9C8-2160C6ADB6C9}.Debug|x64.Build.0 = Debug|Any CPU
		{330A91A7-B82C-44F9-B9C8-2160C6ADB6C9}.Debug|x64.Deploy.0 = Debug|Any CPU
		{330A91A7-B82C-44F9-B9C8-2160C6ADB6C9}.Debug|x86.ActiveCfg = Debug|Any CPU
		{330A91A7-B82C-44F9-B9C8-2160C6ADB6C9}.Debug|x86.Build.0 = Debug|Any CPU
		{330A91A7-B82C-44F9-B9C8-2160C6ADB6C9}.Debug|x86.Deploy.0 = Debug|Any CPU
		{330A91A7-B82C-44F9-B9C8-2160C6ADB6C9}.Release|Any CPU.ActiveCfg = Release|Any CPU
		{330A91A7-B82C-44F9-B9C8-2160C6ADB6C9}.Release|Any CPU.Build.0 = Release|Any CPU
		{330A91A7-B82C-44F9-B9C8-2160C6ADB6C9}.Release|Any CPU.Deploy.0 = Release|Any CPU
		{330A91A7-B82C-44F9-B9C8-2160C6ADB6C9}.Release|ARM.ActiveCfg = Release|Any CPU
		{330A91A7-B82C-44F9-B9C8-2160C6ADB6C9}.Release|ARM.Build.0 = Release|Any CPU
		{330A91A7-B82C-44F9-B9C8-2160C6ADB6C9}.Release|ARM.Deploy.0 = Release|Any CPU
		{330A91A7-B82C-44F9-B9C8-2160C6ADB6C9}.Release|iPhone.ActiveCfg = Release|Any CPU
		{330A91A7-B82C-44F9-B9C8-2160C6ADB6C9}.Release|iPhone.Build.0 = Release|Any CPU
		{330A91A7-B82C-44F9-B9C8-2160C6ADB6C9}.Release|iPhone.Deploy.0 = Release|Any CPU
		{330A91A7-B82C-44F9-B9C8-2160C6ADB6C9}.Release|iPhoneSimulator.ActiveCfg = Release|Any CPU
		{330A91A7-B82C-44F9-B9C8-2160C6ADB6C9}.Release|iPhoneSimulator.Build.0 = Release|Any CPU
		{330A91A7-B82C-44F9-B9C8-2160C6ADB6C9}.Release|iPhoneSimulator.Deploy.0 = Release|Any CPU
		{330A91A7-B82C-44F9-B9C8-2160C6ADB6C9}.Release|x64.ActiveCfg = Release|Any CPU
		{330A91A7-B82C-44F9-B9C8-2160C6ADB6C9}.Release|x64.Build.0 = Release|Any CPU
		{330A91A7-B82C-44F9-B9C8-2160C6ADB6C9}.Release|x64.Deploy.0 = Release|Any CPU
		{330A91A7-B82C-44F9-B9C8-2160C6ADB6C9}.Release|x86.ActiveCfg = Release|Any CPU
		{330A91A7-B82C-44F9-B9C8-2160C6ADB6C9}.Release|x86.Build.0 = Release|Any CPU
		{330A91A7-B82C-44F9-B9C8-2160C6ADB6C9}.Release|x86.Deploy.0 = Release|Any CPU
	EndGlobalSection
	GlobalSection(SolutionProperties) = preSolution
		HideSolutionNode = FALSE
	EndGlobalSection
	GlobalSection(ExtensibilityGlobals) = postSolution
		SolutionGuid = {5452DF4B-17F9-4FB7-9088-C75FAF17841D}
	EndGlobalSection
EndGlobal
